
Microsoft Visual Studio Solution File, Format Version 9.00
# Visual Studio 2005
Project("{E24C65DC-7377-472B-9ABA-BC803B73C61A}") = "C:\...\jobportal\", "..\..\WebSites\jobportal\", "{15D24F8F-AF5A-4CF7-9987-9E4FDD7CE1AB}"
	ProjectSection(WebsiteProperties) = preProject
		Debug.AspNetCompiler.VirtualPath = "/jobportal"
		Debug.AspNetCompiler.PhysicalPath = "..\..\WebSites\jobportal\"
		Debug.AspNetCompiler.TargetPath = "PrecompiledWeb\jobportal\"
		Debug.AspNetCompiler.Updateable = "true"
		Debug.AspNetCompiler.ForceOverwrite = "true"
		Debug.AspNetCompiler.FixedNames = "false"
		Debug.AspNetCompiler.Debug = "True"
		Release.AspNetCompiler.VirtualPath = "/jobportal"
		Release.AspNetCompiler.PhysicalPath = "..\..\WebSites\jobportal\"
		Release.AspNetCompiler.TargetPath = "PrecompiledWeb\jobportal\"
		Release.AspNetCompiler.Updateable = "true"
		Release.AspNetCompiler.ForceOverwrite = "true"
		Release.AspNetCompiler.FixedNames = "false"
		Release.AspNetCompiler.Debug = "False"
		VWDPort = "1116"
		DefaultWebSiteLanguage = "Visual C#"
	EndProjectSection
EndProject
Global
	GlobalSection(SolutionConfigurationPlatforms) = preSolution
		Debug|.NET = Debug|.NET
	EndGlobalSection
	GlobalSection(ProjectConfigurationPlatforms) = postSolution
		{15D24F8F-AF5A-4CF7-9987-9E4FDD7CE1AB}.Debug|.NET.ActiveCfg = Debug|.NET
		{15D24F8F-AF5A-4CF7-9987-9E4FDD7CE1AB}.Debug|.NET.Build.0 = Debug|.NET
	EndGlobalSection
	GlobalSection(SolutionProperties) = preSolution
		HideSolutionNode = FALSE
	EndGlobalSection
EndGlobal
